{
	archiveVersion = 1;
	classes = {};
	objectVersion = 77;
	objects = {

/* Begin PBXFileReference section */
		9D1ABE8B2F4C92CE00FA2C19 /* iJava.app */ = {isa = PBXFileReference; explicitFileType = wrapper.application; includeInIndex = 0; path = iJava.app; sourceTree = BUILT_PRODUCTS_DIR; };

		1A1111111111111111111111 /* AppDelegate.m */ = {isa = PBXFileReference; lastKnownFileType = sourcecode.c.objc; path = AppDelegate.m; sourceTree = "<group>"; };
		1A2222222222222222222222 /* ViewController.m */ = {isa = PBXFileReference; lastKnownFileType = sourcecode.c.objc; path = ViewController.m; sourceTree = "<group>"; };
		1A3333333333333333333333 /* SceneDelegate.m */ = {isa = PBXFileReference; lastKnownFileType = sourcecode.c.objc; path = SceneDelegate.m; sourceTree = "<group>"; };
		1A4444444444444444444444 /* code.m */ = {isa = PBXFileReference; lastKnownFileType = sourcecode.c.objc; path = code.m; sourceTree = "<group>"; };
/* End PBXFileReference section */

/* Begin PBXBuildFile section */
		2B1111111111111111111111 /* AppDelegate.m in Sources */ = {isa = PBXBuildFile; fileRef = 1A1111111111111111111111; };
		2B2222222222222222222222 /* ViewController.m in Sources */ = {isa = PBXBuildFile; fileRef = 1A2222222222222222222222; };
		2B3333333333333333333333 /* SceneDelegate.m in Sources */ = {isa = PBXBuildFile; fileRef = 1A3333333333333333333333; };
		2B4444444444444444444444 /* code.m in Sources */ = {isa = PBXBuildFile; fileRef = 1A4444444444444444444444; };
/* End PBXBuildFile section */

/* Begin PBXGroup section */
		9D1ABE822F4C92CE00FA2C19 = {
			isa = PBXGroup;
			children = (
				9D1ABE8D2F4C92CE00FA2C19 /* iJava */,
				9D1ABE8C2F4C92CE00FA2C19 /* Products */
			);
			sourceTree = "<group>";
		};

		9D1ABE8C2F4C92CE00FA2C19 /* Products */ = {
			isa = PBXGroup;
			children = (
				9D1ABE8B2F4C92CE00FA2C19 /* iJava.app */
			);
			name = Products;
			sourceTree = "<group>";
		};

		9D1ABE8D2F4C92CE00FA2C19 /* iJava */ = {
			isa = PBXGroup;
			path = iJava;
			sourceTree = "<group>";
			children = (
				1A1111111111111111111111 /* AppDelegate.m */,
				1A2222222222222222222222 /* ViewController.m */,
				1A3333333333333333333333 /* SceneDelegate.m */,
				1A4444444444444444444444 /* code.m */
			);
		};
/* End PBXGroup section */

/* Begin PBXSourcesBuildPhase section */
		9D1ABE872F4C92CE00FA2C19 /* Sources */ = {
			isa = PBXSourcesBuildPhase;
			buildActionMask = 2147483647;
			files = (
				2B1111111111111111111111,
				2B2222222222222222222222,
				2B3333333333333333333333,
				2B4444444444444444444444
			);
			runOnlyForDeploymentPostprocessing = 0;
		};
/* End PBXSourcesBuildPhase section */

/* Begin PBXFrameworksBuildPhase section */
		9D1ABE882F4C92CE00FA2C19 = {
			isa = PBXFrameworksBuildPhase;
			buildActionMask = 2147483647;
			files = ();
			runOnlyForDeploymentPostprocessing = 0;
		};
/* End PBXFrameworksBuildPhase section */

/* Begin PBXResourcesBuildPhase section */
		9D1ABE892F4C92CE00FA2C19 = {
			isa = PBXResourcesBuildPhase;
			buildActionMask = 2147483647;
			files = ();
			runOnlyForDeploymentPostprocessing = 0;
		};
/* End PBXResourcesBuildPhase section */

/* Begin PBXNativeTarget section */
		9D1ABE8A2F4C92CE00FA2C19 = {
			isa = PBXNativeTarget;
			buildPhases = (
				9D1ABE872F4C92CE00FA2C19,
				9D1ABE882F4C92CE00FA2C19,
				9D1ABE892F4C92CE00FA2C19
			);
			name = iJava;
			productName = iJava;
			productReference = 9D1ABE8B2F4C92CE00FA2C19;
			productType = "com.apple.product-type.application";
		};
/* End PBXNativeTarget section */

/* Begin XCBuildConfiguration section */
		9D1ABEA42F4C92CF00FA2C19 /* Debug */ = {
			isa = XCBuildConfiguration;
			buildSettings = {
				INFOPLIST_FILE = iJava/Info.plist;
				PRODUCT_BUNDLE_IDENTIFIER = dev.bacho.iJava;
				PRODUCT_NAME = "$(TARGET_NAME)";
				SDKROOT = iphoneos;
				TARGETED_DEVICE_FAMILY = "1,2";
				IPHONEOS_DEPLOYMENT_TARGET = 12.0;
			};
			name = Debug;
		};

		9D1ABEA52F4C92CF00FA2C19 /* Release */ = {
			isa = XCBuildConfiguration;
			buildSettings = {
				INFOPLIST_FILE = iJava/Info.plist;
				PRODUCT_BUNDLE_IDENTIFIER = dev.bacho.iJava;
				PRODUCT_NAME = "$(TARGET_NAME)";
				SDKROOT = iphoneos;
				TARGETED_DEVICE_FAMILY = "1,2";
				IPHONEOS_DEPLOYMENT_TARGET = 12.0;
			};
			name = Release;
		};
/* End XCBuildConfiguration section */

	};
	rootObject = 9D1ABE832F4C92CE00FA2C19;
}
